// !$*UTF8*$!
{
	archiveVersion = 1;
	classes = {
	};
	objectVersion = 46;
	objects = {

/* Begin PBXBuildFile section */
		CF4DB4D11EF71A5B009942AC /* Guide+4+CollectionTypes.swift in Sources */ = {isa = PBXBuildFile; fileRef = CF4DB4D01EF71A5B009942AC /* Guide+4+CollectionTypes.swift */; };
		CF7237671EF37F3400A42729 /* AppDelegate.swift in Sources */ = {isa = PBXBuildFile; fileRef = CF7237661EF37F3400A42729 /* AppDelegate.swift */; };
		CF7237691EF37F3400A42729 /* LanguageGuide.swift in Sources */ = {isa = PBXBuildFile; fileRef = CF7237681EF37F3400A42729 /* LanguageGuide.swift */; };
		CF72376C1EF37F3500A42729 /* Main.storyboard in Resources */ = {isa = PBXBuildFile; fileRef = CF72376A1EF37F3500A42729 /* Main.storyboard */; };
		CF72376E1EF37F3500A42729 /* Assets.xcassets in Resources */ = {isa = PBXBuildFile; fileRef = CF72376D1EF37F3500A42729 /* Assets.xcassets */; };
		CF7237711EF37F3500A42729 /* LaunchScreen.storyboard in Resources */ = {isa = PBXBuildFile; fileRef = CF72376F1EF37F3500A42729 /* LaunchScreen.storyboard */; };
		CFBA9A471EF8C8D10055EB38 /* Guide+5+ControlFlow.swift in Sources */ = {isa = PBXBuildFile; fileRef = CFBA9A461EF8C8D10055EB38 /* Guide+5+ControlFlow.swift */; };
		CFBA9A491EF9D8D80055EB38 /* Guide+6+Functions.swift in Sources */ = {isa = PBXBuildFile; fileRef = CFBA9A481EF9D8D80055EB38 /* Guide+6+Functions.swift */; };
		CFBA9A4B1EFAFE790055EB38 /* Guide+8+Enumerations.swift in Sources */ = {isa = PBXBuildFile; fileRef = CFBA9A4A1EFAFE790055EB38 /* Guide+8+Enumerations.swift */; };
/* End PBXBuildFile section */

/* Begin PBXFileReference section */
		CF4DB4D01EF71A5B009942AC /* Guide+4+CollectionTypes.swift */ = {isa = PBXFileReference; lastKnownFileType = sourcecode.swift; path = "Guide+4+CollectionTypes.swift"; sourceTree = "<group>"; };
		CF7237631EF37F3400A42729 /* swift-snippet-1.app */ = {isa = PBXFileReference; explicitFileType = wrapper.application; includeInIndex = 0; path = "swift-snippet-1.app"; sourceTree = BUILT_PRODUCTS_DIR; };
		CF7237661EF37F3400A42729 /* AppDelegate.swift */ = {isa = PBXFileReference; lastKnownFileType = sourcecode.swift; path = AppDelegate.swift; sourceTree = "<group>"; };
		CF7237681EF37F3400A42729 /* LanguageGuide.swift */ = {isa = PBXFileReference; lastKnownFileType = sourcecode.swift; path = LanguageGuide.swift; sourceTree = "<group>"; };
		CF72376B1EF37F3500A42729 /* Base */ = {isa = PBXFileReference; lastKnownFileType = file.storyboard; name = Base; path = Base.lproj/Main.storyboard; sourceTree = "<group>"; };
		CF72376D1EF37F3500A42729 /* Assets.xcassets */ = {isa = PBXFileReference; lastKnownFileType = folder.assetcatalog; path = Assets.xcassets; sourceTree = "<group>"; };
		CF7237701EF37F3500A42729 /* Base */ = {isa = PBXFileReference; lastKnownFileType = file.storyboard; name = Base; path = Base.lproj/LaunchScreen.storyboard; sourceTree = "<group>"; };
		CF7237721EF37F3500A42729 /* Info.plist */ = {isa = PBXFileReference; lastKnownFileType = text.plist.xml; path = Info.plist; sourceTree = "<group>"; };
		CFBA9A461EF8C8D10055EB38 /* Guide+5+ControlFlow.swift */ = {isa = PBXFileReference; lastKnownFileType = sourcecode.swift; path = "Guide+5+ControlFlow.swift"; sourceTree = "<group>"; };
		CFBA9A481EF9D8D80055EB38 /* Guide+6+Functions.swift */ = {isa = PBXFileReference; lastKnownFileType = sourcecode.swift; path = "Guide+6+Functions.swift"; sourceTree = "<group>"; };
		CFBA9A4A1EFAFE790055EB38 /* Guide+8+Enumerations.swift */ = {isa = PBXFileReference; lastKnownFileType = sourcecode.swift; path = "Guide+8+Enumerations.swift"; sourceTree = "<group>"; };
/* End PBXFileReference section */

/* Begin PBXFrameworksBuildPhase section */
		CF7237601EF37F3400A42729 /* Frameworks */ = {
			isa = PBXFrameworksBuildPhase;
			buildActionMask = 2147483647;
			files = (
			);
			runOnlyForDeploymentPostprocessing = 0;
		};
/* End PBXFrameworksBuildPhase section */

/* Begin PBXGroup section */
		CF72375A1EF37F3400A42729 = {
			isa = PBXGroup;
			children = (
				CF7237651EF37F3400A42729 /* swift-snippet-1 */,
				CF7237641EF37F3400A42729 /* Products */,
			);
			sourceTree = "<group>";
		};
		CF7237641EF37F3400A42729 /* Products */ = {
			isa = PBXGroup;
			children = (
				CF7237631EF37F3400A42729 /* swift-snippet-1.app */,
			);
			name = Products;
			sourceTree = "<group>";
		};
		CF7237651EF37F3400A42729 /* swift-snippet-1 */ = {
			isa = PBXGroup;
			children = (
				CF7237721EF37F3500A42729 /* Info.plist */,
				CF7237661EF37F3400A42729 /* AppDelegate.swift */,
				CF4DB4D01EF71A5B009942AC /* Guide+4+CollectionTypes.swift */,
				CFBA9A461EF8C8D10055EB38 /* Guide+5+ControlFlow.swift */,
				CFBA9A481EF9D8D80055EB38 /* Guide+6+Functions.swift */,
				CFBA9A4A1EFAFE790055EB38 /* Guide+8+Enumerations.swift */,
				CF7237681EF37F3400A42729 /* LanguageGuide.swift */,
				CF72376D1EF37F3500A42729 /* Assets.xcassets */,
				CF72376F1EF37F3500A42729 /* LaunchScreen.storyboard */,
				CF72376A1EF37F3500A42729 /* Main.storyboard */,
			);
			path = "swift-snippet-1";
			sourceTree = "<group>";
		};
/* End PBXGroup section */

/* Begin PBXNativeTarget section */
		CF7237621EF37F3400A42729 /* swift-snippet-1 */ = {
			isa = PBXNativeTarget;
			buildConfigurationList = CF7237751EF37F3500A42729 /* Build configuration list for PBXNativeTarget "swift-snippet-1" */;
			buildPhases = (
				CF72375F1EF37F3400A42729 /* Sources */,
				CF7237601EF37F3400A42729 /* Frameworks */,
				CF7237611EF37F3400A42729 /* Resources */,
			);
			buildRules = (
			);
			dependencies = (
			);
			name = "swift-snippet-1";
			productName = "swift-snippet-1";
			productReference = CF7237631EF37F3400A42729 /* swift-snippet-1.app */;
			productType = "com.apple.product-type.application";
		};
/* End PBXNativeTarget section */

/* Begin PBXProject section */
		CF72375B1EF37F3400A42729 /* Project object */ = {
			isa = PBXProject;
			attributes = {
				LastSwiftUpdateCheck = 0830;
				LastUpgradeCheck = 0830;
				ORGANIZATIONNAME = "Ramesh Parthasarathy";
				TargetAttributes = {
					CF7237621EF37F3400A42729 = {
						CreatedOnToolsVersion = 8.3;
						DevelopmentTeam = 2QP9NJ9GHE;
						ProvisioningStyle = Automatic;
					};
				};
			};
			buildConfigurationList = CF72375E1EF37F3400A42729 /* Build configuration list for PBXProject "swift-snippet-1" */;
			compatibilityVersion = "Xcode 3.2";
			developmentRegion = English;
			hasScannedForEncodings = 0;
			knownRegions = (
				en,
				Base,
			);
			mainGroup = CF72375A1EF37F3400A42729;
			productRefGroup = CF7237641EF37F3400A42729 /* Products */;
			projectDirPath = "";
			projectRoot = "";
			targets = (
				CF7237621EF37F3400A42729 /* swift-snippet-1 */,
			);
		};
/* End PBXProject section */

/* Begin PBXResourcesBuildPhase section */
		CF7237611EF37F3400A42729 /* Resources */ = {
			isa = PBXResourcesBuildPhase;
			buildActionMask = 2147483647;
			files = (
				CF7237711EF37F3500A42729 /* LaunchScreen.storyboard in Resources */,
				CF72376E1EF37F3500A42729 /* Assets.xcassets in Resources */,
				CF72376C1EF37F3500A42729 /* Main.storyboard in Resources */,
			);
			runOnlyForDeploymentPostprocessing = 0;
		};
/* End PBXResourcesBuildPhase section */

/* Begin PBXSourcesBuildPhase section */
		CF72375F1EF37F3400A42729 /* Sources */ = {
			isa = PBXSourcesBuildPhase;
			buildActionMask = 2147483647;
			files = (
				CF7237691EF37F3400A42729 /* LanguageGuide.swift in Sources */,
				CFBA9A4B1EFAFE790055EB38 /* Guide+8+Enumerations.swift in Sources */,
				CF4DB4D11EF71A5B009942AC /* Guide+4+CollectionTypes.swift in Sources */,
				CFBA9A491EF9D8D80055EB38 /* Guide+6+Functions.swift in Sources */,
				CFBA9A471EF8C8D10055EB38 /* Guide+5+ControlFlow.swift in Sources */,
				CF7237671EF37F3400A42729 /* AppDelegate.swift in Sources */,
			);
			runOnlyForDeploymentPostprocessing = 0;
		};
/* End PBXSourcesBuildPhase section */

/* Begin PBXVariantGroup section */
		CF72376A1EF37F3500A42729 /* Main.storyboard */ = {
			isa = PBXVariantGroup;
			children = (
				CF72376B1EF37F3500A42729 /* Base */,
			);
			name = Main.storyboard;
			sourceTree = "<group>";
		};
		CF72376F1EF37F3500A42729 /* LaunchScreen.storyboard */ = {
			isa = PBXVariantGroup;
			children = (
				CF7237701EF37F3500A42729 /* Base */,
			);
			name = LaunchScreen.storyboard;
			sourceTree = "<group>";
		};
/* End PBXVariantGroup section */

/* Begin XCBuildConfiguration section */
		CF7237731EF37F3500A42729 /* Debug */ = {
			isa = XCBuildConfiguration;
			buildSettings = {
				ALWAYS_SEARCH_USER_PATHS = NO;
				CLANG_ANALYZER_NONNULL = YES;
				CLANG_ANALYZER_NUMBER_OBJECT_CONVERSION = YES_AGGRESSIVE;
				CLANG_CXX_LANGUAGE_STANDARD = "gnu++0x";
				CLANG_CXX_LIBRARY = "libc++";
				CLANG_ENABLE_MODULES = YES;
				CLANG_ENABLE_OBJC_ARC = YES;
				CLANG_WARN_BOOL_CONVERSION = YES;
				CLANG_WARN_CONSTANT_CONVERSION = YES;
				CLANG_WARN_DIRECT_OBJC_ISA_USAGE = YES_ERROR;
				CLANG_WARN_DOCUMENTATION_COMMENTS = YES;
				CLANG_WARN_EMPTY_BODY = YES;
				CLANG_WARN_ENUM_CONVERSION = YES;
				CLANG_WARN_INFINITE_RECURSION = YES;
				CLANG_WARN_INT_CONVERSION = YES;
				CLANG_WARN_OBJC_ROOT_CLASS = YES_ERROR;
				CLANG_WARN_SUSPICIOUS_MOVE = YES;
				CLANG_WARN_UNREACHABLE_CODE = YES;
				CLANG_WARN__DUPLICATE_METHOD_MATCH = YES;
				"CODE_SIGN_IDENTITY[sdk=iphoneos*]" = "iPhone Developer";
				COPY_PHASE_STRIP = NO;
				DEBUG_INFORMATION_FORMAT = dwarf;
				ENABLE_STRICT_OBJC_MSGSEND = YES;
				ENABLE_TESTABILITY = YES;
				GCC_C_LANGUAGE_STANDARD = gnu99;
				GCC_DYNAMIC_NO_PIC = NO;
				GCC_NO_COMMON_BLOCKS = YES;
				GCC_OPTIMIZATION_LEVEL = 0;
				GCC_PREPROCESSOR_DEFINITIONS = (
					"DEBUG=1",
					"$(inherited)",
				);
				GCC_WARN_64_TO_32_BIT_CONVERSION = YES;
				GCC_WARN_ABOUT_RETURN_TYPE = YES_ERROR;
				GCC_WARN_UNDECLARED_SELECTOR = YES;
				GCC_WARN_UNINITIALIZED_AUTOS = YES_AGGRESSIVE;
				GCC_WARN_UNUSED_FUNCTION = YES;
				GCC_WARN_UNUSED_VARIABLE = YES;
				IPHONEOS_DEPLOYMENT_TARGET = 10.3;
				MTL_ENABLE_DEBUG_INFO = YES;
				ONLY_ACTIVE_ARCH = YES;
				SDKROOT = iphoneos;
				SWIFT_ACTIVE_COMPILATION_CONDITIONS = DEBUG;
				SWIFT_OPTIMIZATION_LEVEL = "-Onone";
			};
			name = Debug;
		};
		CF7237741EF37F3500A42729 /* Release */ = {
			isa = XCBuildConfiguration;
			buildSettings = {
				ALWAYS_SEARCH_USER_PATHS = NO;
				CLANG_ANALYZER_NONNULL = YES;
				CLANG_ANALYZER_NUMBER_OBJECT_CONVERSION = YES_AGGRESSIVE;
				CLANG_CXX_LANGUAGE_STANDARD = "gnu++0x";
				CLANG_CXX_LIBRARY = "libc++";
				CLANG_ENABLE_MODULES = YES;
				CLANG_ENABLE_OBJC_ARC = YES;
				CLANG_WARN_BOOL_CONVERSION = YES;
				CLANG_WARN_CONSTANT_CONVERSION = YES;
				CLANG_WARN_DIRECT_OBJC_ISA_USAGE = YES_ERROR;
				CLANG_WARN_DOCUMENTATION_COMMENTS = YES;
				CLANG_WARN_EMPTY_BODY = YES;
				CLANG_WARN_ENUM_CONVERSION = YES;
				CLANG_WARN_INFINITE_RECURSION = YES;
				CLANG_WARN_INT_CONVERSION = YES;
				CLANG_WARN_OBJC_ROOT_CLASS = YES_ERROR;
				CLANG_WARN_SUSPICIOUS_MOVE = YES;
				CLANG_WARN_UNREACHABLE_CODE = YES;
				CLANG_WARN__DUPLICATE_METHOD_MATCH = YES;
				"CODE_SIGN_IDENTITY[sdk=iphoneos*]" = "iPhone Developer";
				COPY_PHASE_STRIP = NO;
				DEBUG_INFORMATION_FORMAT = "dwarf-with-dsym";
				ENABLE_NS_ASSERTIONS = NO;
				ENABLE_STRICT_OBJC_MSGSEND = YES;
				GCC_C_LANGUAGE_STANDARD = gnu99;
				GCC_NO_COMMON_BLOCKS = YES;
				GCC_WARN_64_TO_32_BIT_CONVERSION = YES;
				GCC_WARN_ABOUT_RETURN_TYPE = YES_ERROR;
				GCC_WARN_UNDECLARED_SELECTOR = YES;
				GCC_WARN_UNINITIALIZED_AUTOS = YES_AGGRESSIVE;
				GCC_WARN_UNUSED_FUNCTION = YES;
				GCC_WARN_UNUSED_VARIABLE = YES;
				IPHONEOS_DEPLOYMENT_TARGET = 10.3;
				MTL_ENABLE_DEBUG_INFO = NO;
				SDKROOT = iphoneos;
				SWIFT_OPTIMIZATION_LEVEL = "-Owholemodule";
				VALIDATE_PRODUCT = YES;
			};
			name = Release;
		};
		CF7237761EF37F3500A42729 /* Debug */ = {
			isa = XCBuildConfiguration;
			buildSettings = {
				ASSETCATALOG_COMPILER_APPICON_NAME = AppIcon;
				DEVELOPMENT_TEAM = 2QP9NJ9GHE;
				INFOPLIST_FILE = "swift-snippet-1/Info.plist";
				LD_RUNPATH_SEARCH_PATHS = "$(inherited) @executable_path/Frameworks";
				PRODUCT_BUNDLE_IDENTIFIER = "com.rameshparthasarathy.swift-snippet-1";
				PRODUCT_NAME = "$(TARGET_NAME)";
				SWIFT_VERSION = 3.0;
			};
			name = Debug;
		};
		CF7237771EF37F3500A42729 /* Release */ = {
			isa = XCBuildConfiguration;
			buildSettings = {
				ASSETCATALOG_COMPILER_APPICON_NAME = AppIcon;
				DEVELOPMENT_TEAM = 2QP9NJ9GHE;
				INFOPLIST_FILE = "swift-snippet-1/Info.plist";
				LD_RUNPATH_SEARCH_PATHS = "$(inherited) @executable_path/Frameworks";
				PRODUCT_BUNDLE_IDENTIFIER = "com.rameshparthasarathy.swift-snippet-1";
				PRODUCT_NAME = "$(TARGET_NAME)";
				SWIFT_VERSION = 3.0;
			};
			name = Release;
		};
/* End XCBuildConfiguration section */

/* Begin XCConfigurationList section */
		CF72375E1EF37F3400A42729 /* Build configuration list for PBXProject "swift-snippet-1" */ = {
			isa = XCConfigurationList;
			buildConfigurations = (
				CF7237731EF37F3500A42729 /* Debug */,
				CF7237741EF37F3500A42729 /* Release */,
			);
			defaultConfigurationIsVisible = 0;
			defaultConfigurationName = Release;
		};
		CF7237751EF37F3500A42729 /* Build configuration list for PBXNativeTarget "swift-snippet-1" */ = {
			isa = XCConfigurationList;
			buildConfigurations = (
				CF7237761EF37F3500A42729 /* Debug */,
				CF7237771EF37F3500A42729 /* Release */,
			);
			defaultConfigurationIsVisible = 0;
			defaultConfigurationName = Release;
		};
/* End XCConfigurationList section */
	};
	rootObject = CF72375B1EF37F3400A42729 /* Project object */;
}
